
Microsoft Visual Studio Solution File, Format Version 12.00
# Visual Studio 15
VisualStudioVersion = 15.0.26430.16
MinimumVisualStudioVersion = 10.0.40219.1
Project("{D954291E-2A0B-460D-934E-DC6B0785DB48}") = "Atimir", "Atimir\Atimir\Atimir.shproj", "{5DD93508-5EA2-455B-8C8C-D0CAD6738886}"
EndProject
Project("{FAE04EC0-301F-11D3-BF4B-00C04F79EFBC}") = "Atimir.Android", "Atimir\Atimir.Android\Atimir.Android.csproj", "{81B1A1AE-CACF-4F91-8B91-F2DF99DA93CD}"
EndProject
Project("{FAE04EC0-301F-11D3-BF4B-00C04F79EFBC}") = "Atimir.iOS", "Atimir\Atimir.iOS\Atimir.iOS.csproj", "{F78A2221-37AE-413E-8799-9C6C200591FD}"
EndProject
Global
	GlobalSection(SharedMSBuildProjectFiles) = preSolution
		Atimir\Atimir\Atimir.projitems*{5dd93508-5ea2-455b-8c8c-d0cad6738886}*SharedItemsImports = 13
		Atimir\Atimir\Atimir.projitems*{81b1a1ae-cacf-4f91-8b91-f2df99da93cd}*SharedItemsImports = 4
		Atimir\Atimir\Atimir.projitems*{f78a2221-37ae-413e-8799-9c6c200591fd}*SharedItemsImports = 4
	EndGlobalSection
	GlobalSection(SolutionConfigurationPlatforms) = preSolution
		Ad-Hoc|Any CPU = Ad-Hoc|Any CPU
		Ad-Hoc|iPhone = Ad-Hoc|iPhone
		Ad-Hoc|iPhoneSimulator = Ad-Hoc|iPhoneSimulator
		AppStore|Any CPU = AppStore|Any CPU
		AppStore|iPhone = AppStore|iPhone
		AppStore|iPhoneSimulator = AppStore|iPhoneSimulator
		Debug|Any CPU = Debug|Any CPU
		Debug|iPhone = Debug|iPhone
		Debug|iPhoneSimulator = Debug|iPhoneSimulator
		Release|Any CPU = Release|Any CPU
		Release|iPhone = Release|iPhone
		Release|iPhoneSimulator = Release|iPhoneSimulator
	EndGlobalSection
	GlobalSection(ProjectConfigurationPlatforms) = postSolution
		{81B1A1AE-CACF-4F91-8B91-F2DF99DA93CD}.Ad-Hoc|Any CPU.ActiveCfg = Release|Any CPU
		{81B1A1AE-CACF-4F91-8B91-F2DF99DA93CD}.Ad-Hoc|Any CPU.Build.0 = Release|Any CPU
		{81B1A1AE-CACF-4F91-8B91-F2DF99DA93CD}.Ad-Hoc|Any CPU.Deploy.0 = Release|Any CPU
		{81B1A1AE-CACF-4F91-8B91-F2DF99DA93CD}.Ad-Hoc|iPhone.ActiveCfg = Release|Any CPU
		{81B1A1AE-CACF-4F91-8B91-F2DF99DA93CD}.Ad-Hoc|iPhone.Build.0 = Release|Any CPU
		{81B1A1AE-CACF-4F91-8B91-F2DF99DA93CD}.Ad-Hoc|iPhone.Deploy.0 = Release|Any CPU
		{81B1A1AE-CACF-4F91-8B91-F2DF99DA93CD}.Ad-Hoc|iPhoneSimulator.ActiveCfg = Release|Any CPU
		{81B1A1AE-CACF-4F91-8B91-F2DF99DA93CD}.Ad-Hoc|iPhoneSimulator.Build.0 = Release|Any CPU
		{81B1A1AE-CACF-4F91-8B91-F2DF99DA93CD}.Ad-Hoc|iPhoneSimulator.Deploy.0 = Release|Any CPU
		{81B1A1AE-CACF-4F91-8B91-F2DF99DA93CD}.AppStore|Any CPU.ActiveCfg = Release|Any CPU
		{81B1A1AE-CACF-4F91-8B91-F2DF99DA93CD}.AppStore|Any CPU.Build.0 = Release|Any CPU
		{81B1A1AE-CACF-4F91-8B91-F2DF99DA93CD}.AppStore|Any CPU.Deploy.0 = Release|Any CPU
		{81B1A1AE-CACF-4F91-8B91-F2DF99DA93CD}.AppStore|iPhone.ActiveCfg = Release|Any CPU
		{81B1A1AE-CACF-4F91-8B91-F2DF99DA93CD}.AppStore|iPhone.Build.0 = Release|Any CPU
		{81B1A1AE-CACF-4F91-8B91-F2DF99DA93CD}.AppStore|iPhone.Deploy.0 = Release|Any CPU
		{81B1A1AE-CACF-4F91-8B91-F2DF99DA93CD}.AppStore|iPhoneSimulator.ActiveCfg = Release|Any CPU
		{81B1A1AE-CACF-4F91-8B91-F2DF99DA93CD}.AppStore|iPhoneSimulator.Build.0 = Release|Any CPU
		{81B1A1AE-CACF-4F91-8B91-F2DF99DA93CD}.AppStore|iPhoneSimulator.Deploy.0 = Release|Any CPU
		{81B1A1AE-CACF-4F91-8B91-F2DF99DA93CD}.Debug|Any CPU.ActiveCfg = Debug|Any CPU
		{81B1A1AE-CACF-4F91-8B91-F2DF99DA93CD}.Debug|Any CPU.Build.0 = Debug|Any CPU
		{81B1A1AE-CACF-4F91-8B91-F2DF99DA93CD}.Debug|Any CPU.Deploy.0 = Debug|Any CPU
		{81B1A1AE-CACF-4F91-8B91-F2DF99DA93CD}.Debug|iPhone.ActiveCfg = Debug|Any CPU
		{81B1A1AE-CACF-4F91-8B91-F2DF99DA93CD}.Debug|iPhone.Build.0 = Debug|Any CPU
		{81B1A1AE-CACF-4F91-8B91-F2DF99DA93CD}.Debug|iPhone.Deploy.0 = Debug|Any CPU
		{81B1A1AE-CACF-4F91-8B91-F2DF99DA93CD}.Debug|iPhoneSimulator.ActiveCfg = Debug|Any CPU
		{81B1A1AE-CACF-4F91-8B91-F2DF99DA93CD}.Debug|iPhoneSimulator.Build.0 = Debug|Any CPU
		{81B1A1AE-CACF-4F91-8B91-F2DF99DA93CD}.Debug|iPhoneSimulator.Deploy.0 = Debug|Any CPU
		{81B1A1AE-CACF-4F91-8B91-F2DF99DA93CD}.Release|Any CPU.ActiveCfg = Release|Any CPU
		{81B1A1AE-CACF-4F91-8B91-F2DF99DA93CD}.Release|Any CPU.Build.0 = Release|Any CPU
		{81B1A1AE-CACF-4F91-8B91-F2DF99DA93CD}.Release|Any CPU.Deploy.0 = Release|Any CPU
		{81B1A1AE-CACF-4F91-8B91-F2DF99DA93CD}.Release|iPhone.ActiveCfg = Release|Any CPU
		{81B1A1AE-CACF-4F91-8B91-F2DF99DA93CD}.Release|iPhone.Build.0 = Release|Any CPU
		{81B1A1AE-CACF-4F91-8B91-F2DF99DA93CD}.Release|iPhone.Deploy.0 = Release|Any CPU
		{81B1A1AE-CACF-4F91-8B91-F2DF99DA93CD}.Release|iPhoneSimulator.ActiveCfg = Release|Any CPU
		{81B1A1AE-CACF-4F91-8B91-F2DF99DA93CD}.Release|iPhoneSimulator.Build.0 = Release|Any CPU
		{81B1A1AE-CACF-4F91-8B91-F2DF99DA93CD}.Release|iPhoneSimulator.Deploy.0 = Release|Any CPU
		{F78A2221-37AE-413E-8799-9C6C200591FD}.Ad-Hoc|Any CPU.ActiveCfg = Ad-Hoc|iPhone
		{F78A2221-37AE-413E-8799-9C6C200591FD}.Ad-Hoc|iPhone.ActiveCfg = Ad-Hoc|iPhone
		{F78A2221-37AE-413E-8799-9C6C200591FD}.Ad-Hoc|iPhone.Build.0 = Ad-Hoc|iPhone
		{F78A2221-37AE-413E-8799-9C6C200591FD}.Ad-Hoc|iPhoneSimulator.ActiveCfg = Ad-Hoc|iPhoneSimulator
		{F78A2221-37AE-413E-8799-9C6C200591FD}.Ad-Hoc|iPhoneSimulator.Build.0 = Ad-Hoc|iPhoneSimulator
		{F78A2221-37AE-413E-8799-9C6C200591FD}.AppStore|Any CPU.ActiveCfg = AppStore|iPhone
		{F78A2221-37AE-413E-8799-9C6C200591FD}.AppStore|iPhone.ActiveCfg = AppStore|iPhone
		{F78A2221-37AE-413E-8799-9C6C200591FD}.AppStore|iPhone.Build.0 = AppStore|iPhone
		{F78A2221-37AE-413E-8799-9C6C200591FD}.AppStore|iPhoneSimulator.ActiveCfg = AppStore|iPhoneSimulator
		{F78A2221-37AE-413E-8799-9C6C200591FD}.AppStore|iPhoneSimulator.Build.0 = AppStore|iPhoneSimulator
		{F78A2221-37AE-413E-8799-9C6C200591FD}.Debug|Any CPU.ActiveCfg = Debug|iPhone
		{F78A2221-37AE-413E-8799-9C6C200591FD}.Debug|iPhone.ActiveCfg = Debug|iPhone
		{F78A2221-37AE-413E-8799-9C6C200591FD}.Debug|iPhone.Build.0 = Debug|iPhone
		{F78A2221-37AE-413E-8799-9C6C200591FD}.Debug|iPhoneSimulator.ActiveCfg = Debug|iPhoneSimulator
		{F78A2221-37AE-413E-8799-9C6C200591FD}.Debug|iPhoneSimulator.Build.0 = Debug|iPhoneSimulator
		{F78A2221-37AE-413E-8799-9C6C200591FD}.Release|Any CPU.ActiveCfg = Release|iPhone
		{F78A2221-37AE-413E-8799-9C6C200591FD}.Release|iPhone.ActiveCfg = Release|iPhone
		{F78A2221-37AE-413E-8799-9C6C200591FD}.Release|iPhone.Build.0 = Release|iPhone
		{F78A2221-37AE-413E-8799-9C6C200591FD}.Release|iPhoneSimulator.ActiveCfg = Release|iPhoneSimulator
		{F78A2221-37AE-413E-8799-9C6C200591FD}.Release|iPhoneSimulator.Build.0 = Release|iPhoneSimulator
	EndGlobalSection
	GlobalSection(SolutionProperties) = preSolution
		HideSolutionNode = FALSE
	EndGlobalSection
EndGlobal
